version: v2
locks:
  f/lib/extract_article: dbcc0d1a61d01816181ae4850b0247aab62a28e478dc89d05e2a2f70e2bff708
  f/lib/html_to_markdown: 86954bec234ad1a7c8666065fd52cfa2f1cd733980f9ffefd5991f2e059b44af
  f/lib/load_vault_file: 544dcb048d08163a7f0c1f0c5e6ccf163016e00085de388b2065786813ea36b6
  f/lib/read_rss_feed: 53dc4344cabff231a00bf742f44d9f99b4890d0108b2ecb01ec2ee52a234b694
  f/lib/rss_types: b923add90298b757b2d9ce16b2a8d34760764d7ff1b742dadeeba0bae84bfd73
  f/lib/save_to_Inbox: 1f5af80b214d3ae309f9188311d35338f9e734b9d38c4563a6543b7ff4625c54
  f/lib/scrape_web_content_browserless: 46aa57a2e0770185b4a84f2ada1191755390fa0bd19070b1e63d6a47fbd0b1b4
  f/lib/write_to_vault: 58bf96d193fc388b8a6f1564678bb7cff1be90bc2c74dd71d25269e3f9b26a72
  u/peterernst/bld_browserless_request: 4dc936a932e8489080625550c7f074858899bb3ec5c0ed37cd27e63372c5fdcf
  u/peterernst/drop_packet: 4b1059bc3b99d2e19001d8bf71382766ef4183f3e0ce08a3f3f359978002c705
  u/peterernst/mine_rss_feeds__flow/+__flow_hash: ee4070b2648e2329ff0f7d0877a7dfd9e7af0665b304719c564a94ede311721a
  u/peterernst/mine_rss_feeds__flow/+elect_feeds.pg.sql: b4c3b142b6365164ddfd4f696b67a9b4124ec2d71a1d3bd3ba6064adcea93565
  u/peterernst/mine_rss_feeds__flow+__flow_hash: f82ed3952210254f8e7c365e65d7cbb5748cc7adad756b019dff46c7aee5bad0
  u/peterernst/mine_rss_feeds__flow+select_feeds.pg.sql: b4c3b142b6365164ddfd4f696b67a9b4124ec2d71a1d3bd3ba6064adcea93565
  u/peterernst/mine_rss_feeds/a: 081e8f7372157731d392f7234df386120202876804ccf27c5f50b82036211ab2
  u/peterernst/mine_rss_feeds/bld_browserless_request: e17ea80676b2b26fca2ad03531d69fb64e67fd7233ada1fb0bac5027991cfe47
  u/peterernst/mine_rss_feeds/g: aed1ec57899c8f5d545de7a5f804b83b9df473bca584ee1d969e5c1753534f05
  u/peterernst/mine_rss_feeds/j: c4241a1a8c4c0f461c2d77d6095bb2371ef23d2f8fd9044e09571ed9bfaa4028
  u/peterernst/mine_rss_feeds/select_feeds: 081e8f7372157731d392f7234df386120202876804ccf27c5f50b82036211ab2
  u/peterernst/mine_rss_feeds/select_hot_feeds: d13137b710003eabdc926e2f89cbb28c1df7971e7e2aa3480b847cb1cc6f1679
  u/peterernst/prodigious_flow__flow+__flow_hash: 44136fa355b3678a1146ad16f7e8649e94fb4fc21fe77e8310c060f61caaff8a
  u/peterernst/read_rss_feed: cdbc2b0ef5e1a0a3a8c57e3e0ea08fd5ee5d27a4acca7a1a5b87fbcb0dbd7941
  u/peterernst/rss_feeds_triage__flow/+__flow_hash: fa538259cf4b234c712a367d97adf25eff9fc23716bf84e3858c1e77e353475e
  u/peterernst/rss_feeds_triage__flow/+elect_feeds.pg.sql: b4c3b142b6365164ddfd4f696b67a9b4124ec2d71a1d3bd3ba6064adcea93565
  u/peterernst/rss_feeds_triage__flow/+rop_feed.ts: d9ca44fb55651cd2bfc326aec16ccb0e08d960ae74f554fbb648ece82387ff69
  u/peterernst/rss_feeds_triage__flow+__flow_hash: 9576b93dcfcaa7305ff25ce696d87297e063e902efb2907a2fba92a9b5a6b4d7
  u/peterernst/rss_feeds_triage__flow+drop_feed.ts: d9ca44fb55651cd2bfc326aec16ccb0e08d960ae74f554fbb648ece82387ff69
  u/peterernst/rss_feeds_triage__flow+select_feeds.pg.sql: b4c3b142b6365164ddfd4f696b67a9b4124ec2d71a1d3bd3ba6064adcea93565
  u/peterernst/rss_feeds_triage/assemble_note: f94f22e0e36435c97868be0f02d96b2d3699fbb0bb90693f69f3ea3a93048815
  u/peterernst/rss_feeds_triage/dehydrate_feed_item: f781c9c5626cde7eebe3bddf8a2aa29801018cadcc7c67e94f6ee4e24d676ea0
  u/peterernst/rss_feeds_triage/dehydrate_item: f54a9f3b317b80b2fd30e08d963ec49d271a7233bdc412ff5538028c762a8d02
  u/peterernst/rss_feeds_triage/download_policy: eb640d5065c1242cc9a60d2fa50696bacdf2695045855c396af683eb438ddd97
  u/peterernst/rss_feeds_triage/e: 235c479d0c1437854bb2fe73543cf17ee09d38fff1349e9469f3721094300f8b
  u/peterernst/rss_feeds_triage/q: 39bc752c9ecfc6875d631e78eec49a563d55aadc3e7c4d3dddae840c95dcc2d0
  u/peterernst/rss_feeds_triage/select_feeds: f59daee4eb0050cb7b09142812c7eb6c330758448db38ae3a18d01e9416f0e30
  u/peterernst/rss_feeds_triage/select_hot_feeds: d13137b710003eabdc926e2f89cbb28c1df7971e7e2aa3480b847cb1cc6f1679
  u/peterernst/Sandbox__flow/+__flow_hash: ce1333944a516f87c91b1f6d00dd61256369419e2cc67faa15b2e37624f91c92
  u/peterernst/Sandbox__flow/+.ts: f839daa712f42e68e477afe873967e157417a60409fef38eb5ba3236d6196c3a
  u/peterernst/Sandbox__flow+__flow_hash: dedf6344d302e10ac6695c49700004e86ebe5a6fcda2f4782494a320d3ef2838
  u/peterernst/Sandbox__flow+a.ts: 33d99b449df741aba6fea2c14c48d93daf48ae9f0a3bd13ab73b9941a4c6af59
  u/peterernst/Sandbox__flow+b.ts: f839daa712f42e68e477afe873967e157417a60409fef38eb5ba3236d6196c3a
  u/peterernst/scrape_web_article__flow+__flow_hash: 44136fa355b3678a1146ad16f7e8649e94fb4fc21fe77e8310c060f61caaff8a
  u/peterernst/scrape_web_article/extract_article: dd25df648462b916846f6dd8ad2bc6e4d50d89ebd2b28f83c877f0064e365d0a
  u/peterernst/tests/assemble_Item_doc: dedc3c0233f7de0cf830707c298119c43171545da00bcbb86b3bdd3adebc03eb
  u/peterernst/tests/fetch_rss_item: 7986090b3037094aa5fbe9e6a7270e753be8b0a28e62a8c9a1d4d4c23523175b
  u/peterernst/tests/new_feed_test__flow+__flow_hash: 44136fa355b3678a1146ad16f7e8649e94fb4fc21fe77e8310c060f61caaff8a
  u/peterernst/tests/new_feed_test/add_item_reference_data: ce73a7bfded2bcdceb17ea309246d51f0ab0442cbcbb2b6a7e9cdab855d70d59
  u/peterernst/tests/new_feed_test/add_reference_data: a78daebb3a33831d5f42e614ad184e53fc768f13b3dc3b09ad80aeefba449b85
  u/peterernst/tests/new_feed_test/save_to_testfolder: 36d2b383a602a0fc430f384c02b983f571e9f28974db71840475ce4316f117b3
  u/peterernst/tests/rss/add_test_feed__flow+__flow_hash: 44136fa355b3678a1146ad16f7e8649e94fb4fc21fe77e8310c060f61caaff8a
  u/peterernst/tests/rss/add_test_feed/download_feed: 3c7a69deec18c4899984991bb1172b07c65ccd4becb80627965b6a00c7d3818e
  u/peterernst/tests/rss/assemble_feed_item_dump: acab1b6ec1216fe7c00a0c29f4bccbf455f4f4693f438c9077b1afcf6313b88b
  u/peterernst/tests/rss/assemble_test_feed_item_dump: a4cb0c0617afb0df56b85ab614a479cc69a5cf51426e715dcf4aea81851982ac
  u/peterernst/tests/rss/dump_test_feed__flow+__flow_hash: 44136fa355b3678a1146ad16f7e8649e94fb4fc21fe77e8310c060f61caaff8a
  u/peterernst/tests/rss/fetch_test_feed_items: 45c08a6ce1539a381a6f391b5f06c5725572e9804be1a22e52a70195f10749c7
  u/peterernst/tests/rss/test_feed__flow/+__flow_hash: 4e1df70596e8857a15059ae74826c35a67f18d4ca4e68c99019ade470d20c767
  u/peterernst/tests/rss/test_feed__flow/+eport_failure.ts: a9cdfa7280717964983dc35b8e62b4f92e470a35bcb792139c663975c68e8c00
  u/peterernst/tests/rss/test_feed__flow/+eport_success.ts: ae0b3df75e580a59ad4d6af692ae162cedd923a5ebbce70247b9e8720c1a734c
  u/peterernst/tests/rss/test_feed__flow+__flow_hash: 99f3d6c207833a708a18f623d2ac78431ceac73b5dd72816415aac07f45852f4
  u/peterernst/tests/rss/test_feed__flow+report_failure.ts: a9cdfa7280717964983dc35b8e62b4f92e470a35bcb792139c663975c68e8c00
  u/peterernst/tests/rss/test_feed__flow+report_success.ts: ae0b3df75e580a59ad4d6af692ae162cedd923a5ebbce70247b9e8720c1a734c
  u/peterernst/tests/rss/test_feed/lookup_item_indices: 0e81c7f8e9e3d55ddef0f9590ff3837a998f58255752b204197ec09aadeea25f
  u/peterernst/tests/rss/test_feed/lookup_item_record: b8fc297d05853cc094fd35cf47d42d7e13b50e89a830cf068fd6c96abf23a61c
  u/peterernst/tests/rss/test_feed/update_reference_data: 25f75df525978444a26341098ddf7132e1f34f56500a1a73677d723148f03098
