version: v2
locks:
  f/lib/html_to_markdown: 036f40a643179bac772a34cacd39fb17f0419ecb297467e3a4218b2fb8e93072
  f/lib/load_vault_file: 544dcb048d08163a7f0c1f0c5e6ccf163016e00085de388b2065786813ea36b6
  f/lib/read_rss_feed: 057871b95471ea295d14dea22a9d98673d8d292a3a1b57ffc19acdae99c73972
  f/lib/rss_types: b923add90298b757b2d9ce16b2a8d34760764d7ff1b742dadeeba0bae84bfd73
  f/lib/save_to_Inbox: 1f5af80b214d3ae309f9188311d35338f9e734b9d38c4563a6543b7ff4625c54
  u/peterernst/bld_browserless_request: 4dc936a932e8489080625550c7f074858899bb3ec5c0ed37cd27e63372c5fdcf
  u/peterernst/drop_packet: 4b1059bc3b99d2e19001d8bf71382766ef4183f3e0ce08a3f3f359978002c705
  u/peterernst/mine_rss_feeds__flow/+__flow_hash: ee4070b2648e2329ff0f7d0877a7dfd9e7af0665b304719c564a94ede311721a
  u/peterernst/mine_rss_feeds__flow/+elect_feeds.pg.sql: b4c3b142b6365164ddfd4f696b67a9b4124ec2d71a1d3bd3ba6064adcea93565
  u/peterernst/mine_rss_feeds__flow+__flow_hash: f82ed3952210254f8e7c365e65d7cbb5748cc7adad756b019dff46c7aee5bad0
  u/peterernst/mine_rss_feeds__flow+select_feeds.pg.sql: b4c3b142b6365164ddfd4f696b67a9b4124ec2d71a1d3bd3ba6064adcea93565
  u/peterernst/mine_rss_feeds/a: 081e8f7372157731d392f7234df386120202876804ccf27c5f50b82036211ab2
  u/peterernst/mine_rss_feeds/bld_browserless_request: e17ea80676b2b26fca2ad03531d69fb64e67fd7233ada1fb0bac5027991cfe47
  u/peterernst/mine_rss_feeds/g: aed1ec57899c8f5d545de7a5f804b83b9df473bca584ee1d969e5c1753534f05
  u/peterernst/mine_rss_feeds/j: c4241a1a8c4c0f461c2d77d6095bb2371ef23d2f8fd9044e09571ed9bfaa4028
  u/peterernst/mine_rss_feeds/select_feeds: 081e8f7372157731d392f7234df386120202876804ccf27c5f50b82036211ab2
  u/peterernst/mine_rss_feeds/select_hot_feeds: d13137b710003eabdc926e2f89cbb28c1df7971e7e2aa3480b847cb1cc6f1679
  u/peterernst/read_rss_feed: cdbc2b0ef5e1a0a3a8c57e3e0ea08fd5ee5d27a4acca7a1a5b87fbcb0dbd7941
  u/peterernst/rss_feeds_triage__flow/+__flow_hash: fa538259cf4b234c712a367d97adf25eff9fc23716bf84e3858c1e77e353475e
  u/peterernst/rss_feeds_triage__flow/+elect_feeds.pg.sql: b4c3b142b6365164ddfd4f696b67a9b4124ec2d71a1d3bd3ba6064adcea93565
  u/peterernst/rss_feeds_triage__flow/+rop_feed.ts: d9ca44fb55651cd2bfc326aec16ccb0e08d960ae74f554fbb648ece82387ff69
  u/peterernst/rss_feeds_triage__flow+__flow_hash: 9576b93dcfcaa7305ff25ce696d87297e063e902efb2907a2fba92a9b5a6b4d7
  u/peterernst/rss_feeds_triage__flow+drop_feed.ts: d9ca44fb55651cd2bfc326aec16ccb0e08d960ae74f554fbb648ece82387ff69
  u/peterernst/rss_feeds_triage__flow+select_feeds.pg.sql: b4c3b142b6365164ddfd4f696b67a9b4124ec2d71a1d3bd3ba6064adcea93565
  u/peterernst/rss_feeds_triage/assemble_note: 97d3f5a6bf7065f9ba3726f635f29ab1a58b72d383ec1799e7e34928663a8b1e
  u/peterernst/rss_feeds_triage/dehydrate_item: f54a9f3b317b80b2fd30e08d963ec49d271a7233bdc412ff5538028c762a8d02
  u/peterernst/rss_feeds_triage/download_policy: eb640d5065c1242cc9a60d2fa50696bacdf2695045855c396af683eb438ddd97
  u/peterernst/rss_feeds_triage/e: 235c479d0c1437854bb2fe73543cf17ee09d38fff1349e9469f3721094300f8b
  u/peterernst/rss_feeds_triage/q: 39bc752c9ecfc6875d631e78eec49a563d55aadc3e7c4d3dddae840c95dcc2d0
  u/peterernst/rss_feeds_triage/select_feeds: f59daee4eb0050cb7b09142812c7eb6c330758448db38ae3a18d01e9416f0e30
  u/peterernst/rss_feeds_triage/select_hot_feeds: d13137b710003eabdc926e2f89cbb28c1df7971e7e2aa3480b847cb1cc6f1679
  u/peterernst/Sandbox__flow/+__flow_hash: ce1333944a516f87c91b1f6d00dd61256369419e2cc67faa15b2e37624f91c92
  u/peterernst/Sandbox__flow/+.ts: f839daa712f42e68e477afe873967e157417a60409fef38eb5ba3236d6196c3a
  u/peterernst/Sandbox__flow+__flow_hash: dedf6344d302e10ac6695c49700004e86ebe5a6fcda2f4782494a320d3ef2838
  u/peterernst/Sandbox__flow+a.ts: 33d99b449df741aba6fea2c14c48d93daf48ae9f0a3bd13ab73b9941a4c6af59
  u/peterernst/Sandbox__flow+b.ts: f839daa712f42e68e477afe873967e157417a60409fef38eb5ba3236d6196c3a
  u/peterernst/scrape_web_article__flow+__flow_hash: 44136fa355b3678a1146ad16f7e8649e94fb4fc21fe77e8310c060f61caaff8a
  u/peterernst/scrape_web_article/extract_article: 8958d074d797db3071ac64bedf07da80ee119c42efe436fa4ea970a6d19cff8b
  u/peterernst/tests/assemble_Item_doc: dedc3c0233f7de0cf830707c298119c43171545da00bcbb86b3bdd3adebc03eb
  u/peterernst/tests/fetch_rss_item: 7986090b3037094aa5fbe9e6a7270e753be8b0a28e62a8c9a1d4d4c23523175b
  u/peterernst/tests/new_feed_test__flow+__flow_hash: 44136fa355b3678a1146ad16f7e8649e94fb4fc21fe77e8310c060f61caaff8a
  u/peterernst/tests/new_feed_test/add_item_reference_data: ce73a7bfded2bcdceb17ea309246d51f0ab0442cbcbb2b6a7e9cdab855d70d59
  u/peterernst/tests/new_feed_test/add_reference_data: a78daebb3a33831d5f42e614ad184e53fc768f13b3dc3b09ad80aeefba449b85
  u/peterernst/tests/new_feed_test/save_to_testfolder: 36d2b383a602a0fc430f384c02b983f571e9f28974db71840475ce4316f117b3
