{
  "dependencies": {
    "windmill-client": "latest"
  }
}
//bun.lock
{
  "lockfileVersion": 2,
  "configVersion": 1,
  "workspaces": {
    "": {
      "dependencies": {
        "windmill-client": "latest",
      },
    },
  },
  "packages": {
    "windmill-client": ["windmill-client@1.812.0", "", {}, "sha512-j6Ny/uy4lAiM7wRFRmNWS41o4Eh5q8y/CndgKGoWfBQOnVknuu6lJyU/fF4x/2VYU/+HOFryrOo2Ugf4cbgjwg=="],
  }
}
