{
  "dependencies": {
    "windmill-client": "latest"
  }
}
//bun.lock
{
  "lockfileVersion": 2,
  "configVersion": 1,
  "workspaces": {
    "": {
      "dependencies": {
        "windmill-client": "latest",
      },
    },
  },
  "packages": {
    "windmill-client": ["windmill-client@1.814.0", "", {}, "sha512-8IDg0y6646UtYwDMMPLw+EbTvAG/sv6xabBf+P/jt/BEgxHri6efsvV+OTgxuUtR3EhxpXqBauf3rappSWolXQ=="],
  }
}
