{
  "dependencies": {
    "windmill-client": "latest"
  }
}
//bun.lock
{
  "lockfileVersion": 2,
  "configVersion": 1,
  "workspaces": {
    "": {
      "dependencies": {
        "windmill-client": "latest",
      },
    },
  },
  "packages": {
    "windmill-client": ["windmill-client@1.815.0", "", {}, "sha512-yAOKHPP3H8aXA0JH7ah8qYBIB2ZlsaC4Ua6A4+ri0TrfkGe07V6V37+uirRCqNaK5585kay/xaqtzEZkHXoepQ=="],
  }
}
