{
  "dependencies": {
    "redis": "latest"
  }
}
//bun.lock
{
  "lockfileVersion": 1,
  "configVersion": 1,
  "workspaces": {
    "": {
      "dependencies": {
        "redis": "latest",
      },
    },
  },
  "packages": {
    "@redis/bloom": ["@redis/bloom@6.2.0", "", { "peerDependencies": { "@redis/client": "^6.2.0" } }, "sha512-ggQvzpeCKnybwUrEiMVVtE1Np4vWnRfpeAaIP2MdZiVw7PHOhJrF4cONVuLRn1TkMi6ehp2OPjTOMK+8XmiQSQ=="],

    "@redis/client": ["@redis/client@6.2.0", "", { "dependencies": { "cluster-key-slot": "1.1.2" }, "peerDependencies": { "@node-rs/xxhash": "^1.1.0", "@opentelemetry/api": ">=1 <2" }, "optionalPeers": ["@node-rs/xxhash", "@opentelemetry/api"] }, "sha512-HHszna68MTBRiDZV3Wo2wANH7Z5v/nuh+ZyCAGBce0PS8tDcg1/yzZ1vqbKbUyTdz1wB54kqZxXrnPwpR8Ivdw=="],

    "@redis/json": ["@redis/json@6.2.0", "", { "peerDependencies": { "@redis/client": "^6.2.0" } }, "sha512-oweO7PfHWYXkgVT88K+Fm3Wx98lKYKAEXaH162gVbw1kmBOBVQHxw0Yjh1p6BYBUIQMHqLyWwYe99eK7/hD1VQ=="],

    "@redis/search": ["@redis/search@6.2.0", "", { "peerDependencies": { "@redis/client": "^6.2.0" } }, "sha512-chLEQfalFW3+uCPE99XoIOZhcQ3eF7S3fGxgiiaPf6MMrOZHEiTvgMnXR4xXZX0yDecyoWjGYlQQKTYag/ZExg=="],

    "@redis/time-series": ["@redis/time-series@6.2.0", "", { "peerDependencies": { "@redis/client": "^6.2.0" } }, "sha512-/H/eE/lnhZLZYpHGpI+ZN7TePb7isEaub8b07oQcTDQptPslVKdUFwNhUm+hQHks781oh+F1Leiip1WHh4HfWw=="],

    "cluster-key-slot": ["cluster-key-slot@1.1.2", "", {}, "sha512-RMr0FhtfXemyinomL4hrWcYJxmX6deFdCxpJzhDttxgO1+bcCnkk+9drydLVDmAMG7NE6aN/fl4F7ucU/90gAA=="],

    "redis": ["redis@6.2.0", "", { "dependencies": { "@redis/bloom": "6.2.0", "@redis/client": "6.2.0", "@redis/json": "6.2.0", "@redis/search": "6.2.0", "@redis/time-series": "6.2.0" } }, "sha512-BShYVyT0Gx67CE80xry5XroSSv6Vxr60yKs0HRiBbUc7kHm+bY7gvSDBBgTjuiV/reWKeZWLyA1ebC5z359wRQ=="],
  }
}
