{
  "dependencies": {
    "@xberg-io/html-to-markdown": "latest"
  }
}
//bun.lock
{
  "lockfileVersion": 2,
  "configVersion": 1,
  "workspaces": {
    "": {
      "dependencies": {
        "@xberg-io/html-to-markdown": "latest",
      },
    },
  },
  "packages": {
    "@xberg-io/html-to-markdown": ["@xberg-io/html-to-markdown@3.14.1", "", { "optionalDependencies": { "@xberg-io/html-to-markdown-darwin-arm64": "3.14.1", "@xberg-io/html-to-markdown-darwin-x64": "3.14.1", "@xberg-io/html-to-markdown-linux-arm64-gnu": "3.14.1", "@xberg-io/html-to-markdown-linux-arm64-musl": "3.14.1", "@xberg-io/html-to-markdown-linux-x64-gnu": "3.14.1", "@xberg-io/html-to-markdown-linux-x64-musl": "3.14.1", "@xberg-io/html-to-markdown-win32-arm64-msvc": "3.14.1", "@xberg-io/html-to-markdown-win32-x64-msvc": "3.14.1" } }, "sha512-ssmOnV7OAks88kUX3NhmcGqwgGBRz6XpawQIbJxDkiHy3Lv7cw2Yj6L1+IZUYz6UjMMcfGjZk0LaLAUOexlsWA=="],

    "@xberg-io/html-to-markdown-darwin-arm64": ["@xberg-io/html-to-markdown-darwin-arm64@3.14.1", "", { "os": "darwin", "cpu": "arm64" }, "sha512-u2mPkz2ywxvOdYWEdyxMjqmKvTV+N9HaM9UUYfbXbbNpcezvPhor75W9WtUz8/w5pZ4asv8toFP1xef6hF5LFw=="],

    "@xberg-io/html-to-markdown-darwin-x64": ["@xberg-io/html-to-markdown-darwin-x64@3.14.1", "", { "os": "darwin", "cpu": "x64" }, "sha512-rJtkJoY382pUKXNBe7bby0vWjPlVvRX82GDotzD5ANJQb37uZyh9wuo5AkbcW1Msvgudj5e17/SAfu1gzGJfMA=="],

    "@xberg-io/html-to-markdown-linux-arm64-gnu": ["@xberg-io/html-to-markdown-linux-arm64-gnu@3.14.1", "", { "os": "linux", "cpu": "arm64" }, "sha512-Qe1EF6+ZZV/6GS9tewzA8okyCQ3FPWzU2Fi8e0Q0mt4imb5S+Hd1ZCCgloTRYDwBdn+UVyk2BkVUnXra9+1+lg=="],

    "@xberg-io/html-to-markdown-linux-arm64-musl": ["@xberg-io/html-to-markdown-linux-arm64-musl@3.14.1", "", { "os": "linux", "cpu": "arm64" }, "sha512-U+IWVH+zTuoFFe3fj/mThVlVLZ3nwyOSBUH3in2SFCmXHUDPLw2uClptKgPu6Chav7G10QiIC9Y/4UivfAEA6w=="],

    "@xberg-io/html-to-markdown-linux-x64-gnu": ["@xberg-io/html-to-markdown-linux-x64-gnu@3.14.1", "", { "os": "linux", "cpu": "x64" }, "sha512-EcfQ5qd2rtnaQl5pFSt7CTdbaUJhMfSc3euSAQPUVSOGPUXUY++sQ+dyPb8GMftpxP73BJfuc9HHS+PfGjH75A=="],

    "@xberg-io/html-to-markdown-linux-x64-musl": ["@xberg-io/html-to-markdown-linux-x64-musl@3.14.1", "", { "os": "linux", "cpu": "x64" }, "sha512-bzlqNih3tH2HxLA/npAhY3dSwy5XQwjEkBksDphG0dr5+VXIPc373+vZOsr6FLVXIE3pkY5u0D+yoEByF63mTg=="],

    "@xberg-io/html-to-markdown-win32-arm64-msvc": ["@xberg-io/html-to-markdown-win32-arm64-msvc@3.14.1", "", { "os": "win32", "cpu": "arm64" }, "sha512-7TbDPiMNiJJKc7J8XP5r16jYPp5HbEaXf6tnORwyI3Uge6ahxqCObHNcaX9//ye93SpFlHxKLSki12Yu26wV/Q=="],

    "@xberg-io/html-to-markdown-win32-x64-msvc": ["@xberg-io/html-to-markdown-win32-x64-msvc@3.14.1", "", { "os": "win32", "cpu": "x64" }, "sha512-6Nf6U1+vfYLPXMPjJL4COBax5dDeqkLOM/ha5SSORogB9gRzVz71StdfZpzZRXooha1szBleUQZkeDBKenO+bg=="],
  }
}
