{
  "dependencies": {
    "@xberg-io/html-to-markdown": "latest"
  }
}
//bun.lock
{
  "lockfileVersion": 2,
  "configVersion": 1,
  "workspaces": {
    "": {
      "dependencies": {
        "@xberg-io/html-to-markdown": "latest",
      },
    },
  },
  "packages": {
    "@xberg-io/html-to-markdown": ["@xberg-io/html-to-markdown@3.12.4", "", { "optionalDependencies": { "@xberg-io/html-to-markdown-darwin-arm64": "3.12.4", "@xberg-io/html-to-markdown-darwin-x64": "3.12.4", "@xberg-io/html-to-markdown-linux-arm64-gnu": "3.12.4", "@xberg-io/html-to-markdown-linux-arm64-musl": "3.12.4", "@xberg-io/html-to-markdown-linux-x64-gnu": "3.12.4", "@xberg-io/html-to-markdown-linux-x64-musl": "3.12.4", "@xberg-io/html-to-markdown-win32-arm64-msvc": "3.12.4", "@xberg-io/html-to-markdown-win32-x64-msvc": "3.12.4" } }, "sha512-GXX4IrO0Wr5g+zi55Szwf+KLjt/wCX+r5C3WQToCTbIOHZGR/OvOUxF84iSJJxTQJxzsRY6yQRKKCGn7FthLNA=="],

    "@xberg-io/html-to-markdown-darwin-arm64": ["@xberg-io/html-to-markdown-darwin-arm64@3.12.4", "", { "os": "darwin", "cpu": "arm64" }, "sha512-q5N9n8UfT+3WV08jVmWrB+FoWVk/72nrG/nHkE7SIQUo7PCyjJIMGNYfjAhetz95HAa8EOdfZP5Nf6aDruwK8g=="],

    "@xberg-io/html-to-markdown-darwin-x64": ["@xberg-io/html-to-markdown-darwin-x64@3.12.4", "", { "os": "darwin", "cpu": "x64" }, "sha512-rKZmJCkMkDbai4zK6eNatw2VLYLZ9N4d+J/KXK2aX3KBp0XKDyIpWmyFB2PohMS1vgYlPkPoloJAkawpqNYaSQ=="],

    "@xberg-io/html-to-markdown-linux-arm64-gnu": ["@xberg-io/html-to-markdown-linux-arm64-gnu@3.12.4", "", { "os": "linux", "cpu": "arm64" }, "sha512-OeM7wEuHTOelRNwf1M/NAp6LywJDg6zZftmUcKXNcm+L+8epzVztmNZnbBeGmQS87FJgJyahJnaUblHyap/jOw=="],

    "@xberg-io/html-to-markdown-linux-arm64-musl": ["@xberg-io/html-to-markdown-linux-arm64-musl@3.12.4", "", { "os": "linux", "cpu": "arm64" }, "sha512-KCrq0G9WchA03HBH/jMdPrSPC/bpE1ennumkaK9794C9XEyEH43dBwpLZPwKypDIDHMNDohMMlANdWcEMYSYlQ=="],

    "@xberg-io/html-to-markdown-linux-x64-gnu": ["@xberg-io/html-to-markdown-linux-x64-gnu@3.12.4", "", { "os": "linux", "cpu": "x64" }, "sha512-TrzKXNwbu8//Ur0KwvUBQ5yzdK5+cBpuZ4CRxAEL+AggCq2+J2ivSpXzUxGP+quiz1UILIxwi6kgbQdBCvB4lw=="],

    "@xberg-io/html-to-markdown-linux-x64-musl": ["@xberg-io/html-to-markdown-linux-x64-musl@3.12.4", "", { "os": "linux", "cpu": "x64" }, "sha512-Xgs8JRO0JuVdi2l/0f8HgiU+DtHlziyNj4D3Dthwq5yWud5z1PwsqQRwAwjLEuFfnKrCHlAM1abYNrKzyOFZ2w=="],

    "@xberg-io/html-to-markdown-win32-arm64-msvc": ["@xberg-io/html-to-markdown-win32-arm64-msvc@3.12.4", "", { "os": "win32", "cpu": "arm64" }, "sha512-SWh3/rAlEAYdFNS5LAFv4XnIIdKGzyqMDlvD2+MwNez2kxhkFuaTPUBKDeIPKYGqe0815CgSWGcb/Sr0dWRLVg=="],

    "@xberg-io/html-to-markdown-win32-x64-msvc": ["@xberg-io/html-to-markdown-win32-x64-msvc@3.12.4", "", { "os": "win32", "cpu": "x64" }, "sha512-dIgglct326VWRY/sEkTQX+69ct8b+5b5gXt8iyDnBYh5YdJ1mJTjNfmdlXG7rdy6NjGh2ZkI2utQsxfGt3ybuw=="],
  }
}
