{
  "dependencies": {
    "@xberg-io/html-to-markdown": "latest"
  }
}
//bun.lock
{
  "lockfileVersion": 1,
  "configVersion": 1,
  "workspaces": {
    "": {
      "dependencies": {
        "@xberg-io/html-to-markdown": "latest",
      },
    },
  },
  "packages": {
    "@xberg-io/html-to-markdown": ["@xberg-io/html-to-markdown@3.11.4", "", { "optionalDependencies": { "@xberg-io/html-to-markdown-darwin-arm64": "3.11.4", "@xberg-io/html-to-markdown-darwin-x64": "3.11.4", "@xberg-io/html-to-markdown-linux-arm64-gnu": "3.11.4", "@xberg-io/html-to-markdown-linux-arm64-musl": "3.11.4", "@xberg-io/html-to-markdown-linux-x64-gnu": "3.11.4", "@xberg-io/html-to-markdown-linux-x64-musl": "3.11.4", "@xberg-io/html-to-markdown-win32-arm64-msvc": "3.11.4", "@xberg-io/html-to-markdown-win32-x64-msvc": "3.11.4" } }, "sha512-/M1xTphTa1pIlDXkxkSxho/JN0Cm1asHRMyyYCTMpwamMRYdHDv7fy/rvD3de5LiYwyoUR0FOMAo4gZAuYJkeA=="],

    "@xberg-io/html-to-markdown-darwin-arm64": ["@xberg-io/html-to-markdown-darwin-arm64@3.11.4", "", { "os": "darwin", "cpu": "arm64" }, "sha512-pFtdUzpDkO7CxLYoQrLEy5CU8rXPlnmrCdMYL3UaTt5CRiS4W/Zt5BT4eruIxako5AwjIOp9u9YIUaQDKQZzBA=="],

    "@xberg-io/html-to-markdown-darwin-x64": ["@xberg-io/html-to-markdown-darwin-x64@3.11.4", "", { "os": "darwin", "cpu": "x64" }, "sha512-h4qVqoccnnmk0OrH7t1LHDfgdnkNzHKV9RgHXK8mCKvJ14vDcyDupSpRrh/f84BWV1g0boe8eS/+6IRl0u0VAw=="],

    "@xberg-io/html-to-markdown-linux-arm64-gnu": ["@xberg-io/html-to-markdown-linux-arm64-gnu@3.11.4", "", { "os": "linux", "cpu": "arm64" }, "sha512-1jGYksXhu03X/9FC/fe5rzrpdxNOtiCL6tXiX9SbNPu7DZzE7KBZ7x3OA7h/TcZKiDRmpqYshw7QhNhKAitfyA=="],

    "@xberg-io/html-to-markdown-linux-arm64-musl": ["@xberg-io/html-to-markdown-linux-arm64-musl@3.11.4", "", { "os": "linux", "cpu": "arm64" }, "sha512-8AKBmTUIWPk6dJjA1oP9Tm+EVPiGCXBfwv164f7YesmokhEnsD5jPajJ3uERJc4fN/qeq8SOEnR9qvKBKPrPEA=="],

    "@xberg-io/html-to-markdown-linux-x64-gnu": ["@xberg-io/html-to-markdown-linux-x64-gnu@3.11.4", "", { "os": "linux", "cpu": "x64" }, "sha512-MIwAw6LtkxHM/AFg1xiVgvfId/RRCXfzdS2t7Pel44xMQqv+dXxmw26H9BF+cWYj6ndxwoEeOgl4I9brp46G/w=="],

    "@xberg-io/html-to-markdown-linux-x64-musl": ["@xberg-io/html-to-markdown-linux-x64-musl@3.11.4", "", { "os": "linux", "cpu": "x64" }, "sha512-3654ExEJUeLlS0IPaTt6btbun5eX2uGw2s+/p+f2diUv5cqzHUwhFAOGEqOUQoyO3bctGzYhBLKVY6up77f8rQ=="],

    "@xberg-io/html-to-markdown-win32-arm64-msvc": ["@xberg-io/html-to-markdown-win32-arm64-msvc@3.11.4", "", { "os": "win32", "cpu": "arm64" }, "sha512-ujMu7r2VhTeaDIPruvkk8LXlBznQk+He0QUbJYmZLwS6f0hqqEFjd0PSk1edw1sfFgMIMCampZ163gD+ENCYRQ=="],

    "@xberg-io/html-to-markdown-win32-x64-msvc": ["@xberg-io/html-to-markdown-win32-x64-msvc@3.11.4", "", { "os": "win32", "cpu": "x64" }, "sha512-ALS06GEiLx7pRWkgsUA9ba6dtPQr0QeakUmkKbinPfVglDD1A54LzC4BIaXA22Q4hzVPeWSDw8SKfnSTzFj6iQ=="],
  }
}
