{
  "dependencies": {
    "@xberg-io/html-to-markdown": "latest"
  }
}
//bun.lock
{
  "lockfileVersion": 1,
  "configVersion": 1,
  "workspaces": {
    "": {
      "dependencies": {
        "@xberg-io/html-to-markdown": "latest",
      },
    },
  },
  "packages": {
    "@xberg-io/html-to-markdown": ["@xberg-io/html-to-markdown@3.12.0", "", { "optionalDependencies": { "@xberg-io/html-to-markdown-darwin-arm64": "3.12.0", "@xberg-io/html-to-markdown-darwin-x64": "3.12.0", "@xberg-io/html-to-markdown-linux-arm64-gnu": "3.12.0", "@xberg-io/html-to-markdown-linux-arm64-musl": "3.12.0", "@xberg-io/html-to-markdown-linux-x64-gnu": "3.12.0", "@xberg-io/html-to-markdown-linux-x64-musl": "3.12.0", "@xberg-io/html-to-markdown-win32-arm64-msvc": "3.12.0", "@xberg-io/html-to-markdown-win32-x64-msvc": "3.12.0" } }, "sha512-SJkieUS4BLsEqYv7NLbqIWrWCFG4DNOgBC4S+v6Uu0p3hwuS7fTzZy3AtK7wbOodqMGk+A3nZMRm1W94sgfNIA=="],

    "@xberg-io/html-to-markdown-darwin-arm64": ["@xberg-io/html-to-markdown-darwin-arm64@3.12.0", "", { "os": "darwin", "cpu": "arm64" }, "sha512-Gm3TD+UuUYTVhDGclqeoOZYdTS99zDUlUjPz9jg5ZJjCuQJZv9yyyzaBFZvqMBiV4Mb2trP7BZcdH8XX49Ydng=="],

    "@xberg-io/html-to-markdown-darwin-x64": ["@xberg-io/html-to-markdown-darwin-x64@3.12.0", "", { "os": "darwin", "cpu": "x64" }, "sha512-Nxc3D+Q+rvXykiZHVcAAtalX+o8+s8FtGt7YQFuRwyZDHRh1gt7w0GuO8wH2y3aKlfUUv1R5aoAFOGN9+JveLA=="],

    "@xberg-io/html-to-markdown-linux-arm64-gnu": ["@xberg-io/html-to-markdown-linux-arm64-gnu@3.12.0", "", { "os": "linux", "cpu": "arm64" }, "sha512-2YK7Mo45eWmKmyT5qwtiRTCSnlaPQYGFvu/hNJAz0VCX3mITfSNkeT4VhBGgtIoNlwa1skh+atbMehsSBW1K4g=="],

    "@xberg-io/html-to-markdown-linux-arm64-musl": ["@xberg-io/html-to-markdown-linux-arm64-musl@3.12.0", "", { "os": "linux", "cpu": "arm64" }, "sha512-5GgnEKfk0RFNcSCW97zUAzlC6MORq83rFODHW9KW9L6aX+rk2ba6tNC5dcZD+MX6WZnLULqNZvuVHTaPRe4TBQ=="],

    "@xberg-io/html-to-markdown-linux-x64-gnu": ["@xberg-io/html-to-markdown-linux-x64-gnu@3.12.0", "", { "os": "linux", "cpu": "x64" }, "sha512-oapZMO55y9RnNF0v18guUEi6U3/R94a5xDjh/F9JgbsMT5zYPbIBz7WKCzbkEDgp71yP+XZbhKhbkpG9/avMyA=="],

    "@xberg-io/html-to-markdown-linux-x64-musl": ["@xberg-io/html-to-markdown-linux-x64-musl@3.12.0", "", { "os": "linux", "cpu": "x64" }, "sha512-ysd9+6rCc8nUyfoeAC8TsE962+MTQv3uDJ1izyWehbwsEquDFIUqK3veJHkXL36TSGPmhcx3/+GPo8L9XS0d/A=="],

    "@xberg-io/html-to-markdown-win32-arm64-msvc": ["@xberg-io/html-to-markdown-win32-arm64-msvc@3.12.0", "", { "os": "win32", "cpu": "arm64" }, "sha512-jrMKB89fuz2vCwsas2dK2Y9ye7VpCQC27tLzWtjLvEo/2che9BpwrcZZg+h5/GB8GqjzMu6m/Ywmp1n5yiopUQ=="],

    "@xberg-io/html-to-markdown-win32-x64-msvc": ["@xberg-io/html-to-markdown-win32-x64-msvc@3.12.0", "", { "os": "win32", "cpu": "x64" }, "sha512-Sdy370RyKSR/gSl3vm/+ioo21SKk8Cl2DcLQwhKCmoKq0HALKZWFLj97PddPAN0HIEs+QO+oRVvm+/aLWCeldQ=="],
  }
}
