{
  "dependencies": {
    "@xberg-io/html-to-markdown": "latest"
  }
}
//bun.lock
{
  "lockfileVersion": 1,
  "configVersion": 1,
  "workspaces": {
    "": {
      "dependencies": {
        "@xberg-io/html-to-markdown": "latest",
      },
    },
  },
  "packages": {
    "@xberg-io/html-to-markdown": ["@xberg-io/html-to-markdown@3.11.6", "", { "optionalDependencies": { "@xberg-io/html-to-markdown-darwin-arm64": "3.11.6", "@xberg-io/html-to-markdown-darwin-x64": "3.11.6", "@xberg-io/html-to-markdown-linux-arm64-gnu": "3.11.6", "@xberg-io/html-to-markdown-linux-arm64-musl": "3.11.6", "@xberg-io/html-to-markdown-linux-x64-gnu": "3.11.6", "@xberg-io/html-to-markdown-linux-x64-musl": "3.11.6", "@xberg-io/html-to-markdown-win32-arm64-msvc": "3.11.6", "@xberg-io/html-to-markdown-win32-x64-msvc": "3.11.6" } }, "sha512-V9iQwxewXLuuUn0BgDPdvmfKVXBXfb9rhrvo3Es8lJ4WEyB5Ayn8Xk1PLOYVJ4qCyDx54gqN5nEIEuNtxTYlIw=="],

    "@xberg-io/html-to-markdown-darwin-arm64": ["@xberg-io/html-to-markdown-darwin-arm64@3.11.6", "", { "os": "darwin", "cpu": "arm64" }, "sha512-0blIRFVAJLZRmB9XYexUThHrb8rygGz81uZkLlrme1yUZYuBaL6wcjiS2K3L/bVvZgp5gitcTnAXDqPVo2jcXA=="],

    "@xberg-io/html-to-markdown-darwin-x64": ["@xberg-io/html-to-markdown-darwin-x64@3.11.6", "", { "os": "darwin", "cpu": "x64" }, "sha512-R3BphKcOqWYTiAvb0ivvEaysoDytL49v5lTVRud1/pEe9HAucbL0MG/oMAI2E/YBQ19f8Phs2iRY09q9lvCfwg=="],

    "@xberg-io/html-to-markdown-linux-arm64-gnu": ["@xberg-io/html-to-markdown-linux-arm64-gnu@3.11.6", "", { "os": "linux", "cpu": "arm64" }, "sha512-1LxNUFQNVOXZUAQVoVsV628s9c6Q1oqAnA6FojNxjq8nygpHsVPFfOqm9a2IrUSXWDwAAaH5rFCejfV5bBKQ1Q=="],

    "@xberg-io/html-to-markdown-linux-arm64-musl": ["@xberg-io/html-to-markdown-linux-arm64-musl@3.11.6", "", { "os": "linux", "cpu": "arm64" }, "sha512-1gxJ8uB9kDjVwmJ8HJQfYmFFPkXnh6Un7B6HE9zvb8bBy2QfSbDKKG7BTEArrHbhysFYbBH54PL448blg4N/Nw=="],

    "@xberg-io/html-to-markdown-linux-x64-gnu": ["@xberg-io/html-to-markdown-linux-x64-gnu@3.11.6", "", { "os": "linux", "cpu": "x64" }, "sha512-x8VV7wm5yyIkryyLh+ehnPO/WAiPMFsxjn93Sfrt0yEvp5YA3OwFM82tVqgJoUzCkmb5CvCSQ89KQPx31Wj3TA=="],

    "@xberg-io/html-to-markdown-linux-x64-musl": ["@xberg-io/html-to-markdown-linux-x64-musl@3.11.6", "", { "os": "linux", "cpu": "x64" }, "sha512-Bw0dwuJ87OGhFmEZ4Gbjb9t38YWPK8nuR/GpOHV7IlMJL6uqIgd7QaemNRZxeW//mQWAIjpvVtkKpFRgnRjfdw=="],

    "@xberg-io/html-to-markdown-win32-arm64-msvc": ["@xberg-io/html-to-markdown-win32-arm64-msvc@3.11.6", "", { "os": "win32", "cpu": "arm64" }, "sha512-nlAtDeVyi0Wo7bDHzrM75DA1yiJqrDi4gJPhWBzw0M2X9BIBWCVZ9keJ4vN0f+FxK+yWPNrC01H/CNPOysvbGA=="],

    "@xberg-io/html-to-markdown-win32-x64-msvc": ["@xberg-io/html-to-markdown-win32-x64-msvc@3.11.6", "", { "os": "win32", "cpu": "x64" }, "sha512-zGzq5UOaTtH6uiqRWyqlr585X6kNAfbILjsZoIYla+dfoaeWH/jhS8aJ49mhJEflF2q4gwaY8vt5KDj/V4HeDw=="],
  }
}
