{
  "dependencies": {
    "windmill-client": "latest"
  }
}
//bun.lock
{
  "lockfileVersion": 1,
  "configVersion": 1,
  "workspaces": {
    "": {
      "dependencies": {
        "windmill-client": "latest",
      },
    },
  },
  "packages": {
    "windmill-client": ["windmill-client@1.790.1", "", {}, "sha512-3bA//MkSFI8m9Wh2qsgBu207fBQ3PDIl+0Vv0ela7+isL6HeHKlLa8Cd8B1qmzhk006pM0lRyhvJQy4h2gRuLQ=="],
  }
}
